
Microsoft Visual Studio Solution File, Format Version 12.00
# Visual Studio Version 16
VisualStudioVersion = 16.0.30104.148
MinimumVisualStudioVersion = 10.0.40219.1
Project("{FAE04EC0-301F-11D3-BF4B-00C04F79EFBC}") = "PrimeNumber", "PrimeNumber\PrimeNumber.csproj", "{75367878-3092-46A8-AC5A-69840732AE7A}"
EndProject
Global
	GlobalSection(SolutionConfigurationPlatforms) = preSolution
		Debug|Any CPU = Debug|Any CPU
		Release|Any CPU = Release|Any CPU
	EndGlobalSection
	GlobalSection(ProjectConfigurationPlatforms) = postSolution
		{75367878-3092-46A8-AC5A-69840732AE7A}.Debug|Any CPU.ActiveCfg = Debug|Any CPU
		{75367878-3092-46A8-AC5A-69840732AE7A}.Debug|Any CPU.Build.0 = Debug|Any CPU
		{75367878-3092-46A8-AC5A-69840732AE7A}.Release|Any CPU.ActiveCfg = Release|Any CPU
		{75367878-3092-46A8-AC5A-69840732AE7A}.Release|Any CPU.Build.0 = Release|Any CPU
	EndGlobalSection
	GlobalSection(SolutionProperties) = preSolution
		HideSolutionNode = FALSE
	EndGlobalSection
	GlobalSection(ExtensibilityGlobals) = postSolution
		SolutionGuid = {A49CB5DB-0697-4ACD-A532-206D6A020158}
	EndGlobalSection
EndGlobal
