
Microsoft Visual Studio Solution File, Format Version 12.00
# Visual Studio Version 16
VisualStudioVersion = 16.0.30104.148
MinimumVisualStudioVersion = 10.0.40219.1
Project("{FAE04EC0-301F-11D3-BF4B-00C04F79EFBC}") = "CelciusANDFerhenhite", "CelciusANDFerhenhite\CelciusANDFerhenhite.csproj", "{58CC08C1-D78A-4797-8FAA-AF319C5EC948}"
EndProject
Global
	GlobalSection(SolutionConfigurationPlatforms) = preSolution
		Debug|Any CPU = Debug|Any CPU
		Release|Any CPU = Release|Any CPU
	EndGlobalSection
	GlobalSection(ProjectConfigurationPlatforms) = postSolution
		{58CC08C1-D78A-4797-8FAA-AF319C5EC948}.Debug|Any CPU.ActiveCfg = Debug|Any CPU
		{58CC08C1-D78A-4797-8FAA-AF319C5EC948}.Debug|Any CPU.Build.0 = Debug|Any CPU
		{58CC08C1-D78A-4797-8FAA-AF319C5EC948}.Release|Any CPU.ActiveCfg = Release|Any CPU
		{58CC08C1-D78A-4797-8FAA-AF319C5EC948}.Release|Any CPU.Build.0 = Release|Any CPU
	EndGlobalSection
	GlobalSection(SolutionProperties) = preSolution
		HideSolutionNode = FALSE
	EndGlobalSection
	GlobalSection(ExtensibilityGlobals) = postSolution
		SolutionGuid = {99C82A05-63B4-447F-9AE7-EBA06DC60324}
	EndGlobalSection
EndGlobal
